# THIS IS AN AUTOGENERATED FILE. DO NOT EDIT THIS FILE DIRECTLY.
# yarn lockfile v1


p-timeout@^5.0.0:
  version "5.0.0"
  resolved "https://registry.yarnpkg.com/p-timeout/-/p-timeout-5.0.0.tgz#0f5dc08422e7243f8317669c461734cd1257a8dc"
  integrity sha512-z+bU/N7L1SABsqKnQzvAnINgPX7NHdzwUV+gHyJE7VGNDZSr03rhcPODCZSWiiT9k+gf74QPmzcZzqJRvxYZow==

timers@^0.1.1:
  version "0.1.1"
  resolved "https://registry.yarnpkg.com/timers/-/timers-0.1.1.tgz#86ac5c78c1ee419694f35a58de4fd4183cfb9c1e"
  integrity sha1-hqxceMHuQZaU81pY3k/UGDz7nB4=

typescript@^4.3.5:
  version "4.3.5"
  resolved "https://registry.yarnpkg.com/typescript/-/typescript-4.3.5.tgz#4d1c37cc16e893973c45a06886b7113234f119f4"
  integrity sha512-DqQgihaQ9cUrskJo9kIyW/+g0Vxsk8cDtZ52a3NGh0YNTfpUSArXSohyUGnvbPazEPLu398C0UxmKSOrPumUzA==
